
Microsoft Visual Studio Solution File, Format Version 12.00
# Visual Studio Version 17
VisualStudioVersion = 17.12.35707.178 d17.12
MinimumVisualStudioVersion = 10.0.40219.1
Project("{FAE04EC0-301F-11D3-BF4B-00C04F79EFBC}") = "01_Methods", "01_Methods\01_Methods.csproj", "{2A950395-0F9F-485D-95CD-740120154776}"
EndProject
Project("{FAE04EC0-301F-11D3-BF4B-00C04F79EFBC}") = "02_Geriye_DegerDonduren", "02_Geriye_DegerDonduren\02_Geriye_DegerDonduren.csproj", "{166B797E-83D6-4FFC-9AFC-424AD1BEBAA3}"
EndProject
Project("{FAE04EC0-301F-11D3-BF4B-00C04F79EFBC}") = "03_IslemMEthod", "03_IslemMEthod\03_IslemMEthod.csproj", "{AB96818C-ECEE-4BB2-A7E5-168371FA3E83}"
EndProject
Project("{FAE04EC0-301F-11D3-BF4B-00C04F79EFBC}") = "01_OverLoad_Method", "01_OverLoad_Method\01_OverLoad_Method.csproj", "{A7851F27-8CD9-4049-9F47-700F1E94F02E}"
EndProject
Project("{FAE04EC0-301F-11D3-BF4B-00C04F79EFBC}") = "02_Overload2", "02_Overload2\02_Overload2.csproj", "{ECFAD7E2-FDFE-4434-828A-68DC9669FDC7}"
EndProject
Global
	GlobalSection(SolutionConfigurationPlatforms) = preSolution
		Debug|Any CPU = Debug|Any CPU
		Release|Any CPU = Release|Any CPU
	EndGlobalSection
	GlobalSection(ProjectConfigurationPlatforms) = postSolution
		{2A950395-0F9F-485D-95CD-740120154776}.Debug|Any CPU.ActiveCfg = Debug|Any CPU
		{2A950395-0F9F-485D-95CD-740120154776}.Debug|Any CPU.Build.0 = Debug|Any CPU
		{2A950395-0F9F-485D-95CD-740120154776}.Release|Any CPU.ActiveCfg = Release|Any CPU
		{2A950395-0F9F-485D-95CD-740120154776}.Release|Any CPU.Build.0 = Release|Any CPU
		{166B797E-83D6-4FFC-9AFC-424AD1BEBAA3}.Debug|Any CPU.ActiveCfg = Debug|Any CPU
		{166B797E-83D6-4FFC-9AFC-424AD1BEBAA3}.Debug|Any CPU.Build.0 = Debug|Any CPU
		{166B797E-83D6-4FFC-9AFC-424AD1BEBAA3}.Release|Any CPU.ActiveCfg = Release|Any CPU
		{166B797E-83D6-4FFC-9AFC-424AD1BEBAA3}.Release|Any CPU.Build.0 = Release|Any CPU
		{AB96818C-ECEE-4BB2-A7E5-168371FA3E83}.Debug|Any CPU.ActiveCfg = Debug|Any CPU
		{AB96818C-ECEE-4BB2-A7E5-168371FA3E83}.Debug|Any CPU.Build.0 = Debug|Any CPU
		{AB96818C-ECEE-4BB2-A7E5-168371FA3E83}.Release|Any CPU.ActiveCfg = Release|Any CPU
		{AB96818C-ECEE-4BB2-A7E5-168371FA3E83}.Release|Any CPU.Build.0 = Release|Any CPU
		{A7851F27-8CD9-4049-9F47-700F1E94F02E}.Debug|Any CPU.ActiveCfg = Debug|Any CPU
		{A7851F27-8CD9-4049-9F47-700F1E94F02E}.Debug|Any CPU.Build.0 = Debug|Any CPU
		{A7851F27-8CD9-4049-9F47-700F1E94F02E}.Release|Any CPU.ActiveCfg = Release|Any CPU
		{A7851F27-8CD9-4049-9F47-700F1E94F02E}.Release|Any CPU.Build.0 = Release|Any CPU
		{ECFAD7E2-FDFE-4434-828A-68DC9669FDC7}.Debug|Any CPU.ActiveCfg = Debug|Any CPU
		{ECFAD7E2-FDFE-4434-828A-68DC9669FDC7}.Debug|Any CPU.Build.0 = Debug|Any CPU
		{ECFAD7E2-FDFE-4434-828A-68DC9669FDC7}.Release|Any CPU.ActiveCfg = Release|Any CPU
		{ECFAD7E2-FDFE-4434-828A-68DC9669FDC7}.Release|Any CPU.Build.0 = Release|Any CPU
	EndGlobalSection
	GlobalSection(SolutionProperties) = preSolution
		HideSolutionNode = FALSE
	EndGlobalSection
EndGlobal
