
Microsoft Visual Studio Solution File, Format Version 12.00
# Visual Studio Version 17
VisualStudioVersion = 17.12.35707.178 d17.12
MinimumVisualStudioVersion = 10.0.40219.1
Project("{FAE04EC0-301F-11D3-BF4B-00C04F79EFBC}") = "OdevCozum", "OdevCozum\OdevCozum.csproj", "{7E548165-AA6C-4267-9646-71E952CE316B}"
EndProject
Project("{FAE04EC0-301F-11D3-BF4B-00C04F79EFBC}") = "01_Do_While", "01_Do_While\01_Do_While.csproj", "{A7F40214-6219-4EBF-8A05-2E2D2A84A7E6}"
EndProject
Project("{FAE04EC0-301F-11D3-BF4B-00C04F79EFBC}") = "02_For_loops", "02_For_loops\02_For_loops.csproj", "{AF26022F-5F8E-4C9B-A752-3BFB85353EF7}"
EndProject
Global
	GlobalSection(SolutionConfigurationPlatforms) = preSolution
		Debug|Any CPU = Debug|Any CPU
		Release|Any CPU = Release|Any CPU
	EndGlobalSection
	GlobalSection(ProjectConfigurationPlatforms) = postSolution
		{7E548165-AA6C-4267-9646-71E952CE316B}.Debug|Any CPU.ActiveCfg = Debug|Any CPU
		{7E548165-AA6C-4267-9646-71E952CE316B}.Debug|Any CPU.Build.0 = Debug|Any CPU
		{7E548165-AA6C-4267-9646-71E952CE316B}.Release|Any CPU.ActiveCfg = Release|Any CPU
		{7E548165-AA6C-4267-9646-71E952CE316B}.Release|Any CPU.Build.0 = Release|Any CPU
		{A7F40214-6219-4EBF-8A05-2E2D2A84A7E6}.Debug|Any CPU.ActiveCfg = Debug|Any CPU
		{A7F40214-6219-4EBF-8A05-2E2D2A84A7E6}.Debug|Any CPU.Build.0 = Debug|Any CPU
		{A7F40214-6219-4EBF-8A05-2E2D2A84A7E6}.Release|Any CPU.ActiveCfg = Release|Any CPU
		{A7F40214-6219-4EBF-8A05-2E2D2A84A7E6}.Release|Any CPU.Build.0 = Release|Any CPU
		{AF26022F-5F8E-4C9B-A752-3BFB85353EF7}.Debug|Any CPU.ActiveCfg = Debug|Any CPU
		{AF26022F-5F8E-4C9B-A752-3BFB85353EF7}.Debug|Any CPU.Build.0 = Debug|Any CPU
		{AF26022F-5F8E-4C9B-A752-3BFB85353EF7}.Release|Any CPU.ActiveCfg = Release|Any CPU
		{AF26022F-5F8E-4C9B-A752-3BFB85353EF7}.Release|Any CPU.Build.0 = Release|Any CPU
	EndGlobalSection
	GlobalSection(SolutionProperties) = preSolution
		HideSolutionNode = FALSE
	EndGlobalSection
EndGlobal
