
Microsoft Visual Studio Solution File, Format Version 12.00
# Visual Studio Version 17
VisualStudioVersion = 17.12.35707.178 d17.12
MinimumVisualStudioVersion = 10.0.40219.1
Project("{FAE04EC0-301F-11D3-BF4B-00C04F79EFBC}") = "01_ForLoops", "01_ForLoops\01_ForLoops.csproj", "{EBD0787A-F9B3-40D9-B384-3912F945E1A9}"
EndProject
Project("{FAE04EC0-301F-11D3-BF4B-00C04F79EFBC}") = "01_while", "01_while\01_while.csproj", "{12C6DDE9-2347-444F-8E8C-F4FF0F01409B}"
EndProject
Project("{FAE04EC0-301F-11D3-BF4B-00C04F79EFBC}") = "Odev", "Odev\Odev.csproj", "{64ACA3E1-CFCA-4E91-A94C-A2F727B70D74}"
EndProject
Project("{FAE04EC0-301F-11D3-BF4B-00C04F79EFBC}") = "01_Try_Catch", "01_Try_Catch\01_Try_Catch.csproj", "{668F9CE9-75F1-49DF-93BC-B513F71C886A}"
EndProject
Global
	GlobalSection(SolutionConfigurationPlatforms) = preSolution
		Debug|Any CPU = Debug|Any CPU
		Release|Any CPU = Release|Any CPU
	EndGlobalSection
	GlobalSection(ProjectConfigurationPlatforms) = postSolution
		{EBD0787A-F9B3-40D9-B384-3912F945E1A9}.Debug|Any CPU.ActiveCfg = Debug|Any CPU
		{EBD0787A-F9B3-40D9-B384-3912F945E1A9}.Debug|Any CPU.Build.0 = Debug|Any CPU
		{EBD0787A-F9B3-40D9-B384-3912F945E1A9}.Release|Any CPU.ActiveCfg = Release|Any CPU
		{EBD0787A-F9B3-40D9-B384-3912F945E1A9}.Release|Any CPU.Build.0 = Release|Any CPU
		{12C6DDE9-2347-444F-8E8C-F4FF0F01409B}.Debug|Any CPU.ActiveCfg = Debug|Any CPU
		{12C6DDE9-2347-444F-8E8C-F4FF0F01409B}.Debug|Any CPU.Build.0 = Debug|Any CPU
		{12C6DDE9-2347-444F-8E8C-F4FF0F01409B}.Release|Any CPU.ActiveCfg = Release|Any CPU
		{12C6DDE9-2347-444F-8E8C-F4FF0F01409B}.Release|Any CPU.Build.0 = Release|Any CPU
		{64ACA3E1-CFCA-4E91-A94C-A2F727B70D74}.Debug|Any CPU.ActiveCfg = Debug|Any CPU
		{64ACA3E1-CFCA-4E91-A94C-A2F727B70D74}.Debug|Any CPU.Build.0 = Debug|Any CPU
		{64ACA3E1-CFCA-4E91-A94C-A2F727B70D74}.Release|Any CPU.ActiveCfg = Release|Any CPU
		{64ACA3E1-CFCA-4E91-A94C-A2F727B70D74}.Release|Any CPU.Build.0 = Release|Any CPU
		{668F9CE9-75F1-49DF-93BC-B513F71C886A}.Debug|Any CPU.ActiveCfg = Debug|Any CPU
		{668F9CE9-75F1-49DF-93BC-B513F71C886A}.Debug|Any CPU.Build.0 = Debug|Any CPU
		{668F9CE9-75F1-49DF-93BC-B513F71C886A}.Release|Any CPU.ActiveCfg = Release|Any CPU
		{668F9CE9-75F1-49DF-93BC-B513F71C886A}.Release|Any CPU.Build.0 = Release|Any CPU
	EndGlobalSection
	GlobalSection(SolutionProperties) = preSolution
		HideSolutionNode = FALSE
	EndGlobalSection
EndGlobal
