
Microsoft Visual Studio Solution File, Format Version 12.00
# Visual Studio Version 17
VisualStudioVersion = 17.10.35027.167
MinimumVisualStudioVersion = 10.0.40219.1
Project("{FAE04EC0-301F-11D3-BF4B-00C04F79EFBC}") = "Degiskenler", "Degiskenler\Degiskenler.csproj", "{39EB53E4-E352-4B4F-8D39-CFA54947063E}"
EndProject
Project("{FAE04EC0-301F-11D3-BF4B-00C04F79EFBC}") = "01_Degiskenler", "01_Degiskenler\01_Degiskenler.csproj", "{707A5442-F412-42E5-8779-E12B4866E9BC}"
EndProject
Project("{FAE04EC0-301F-11D3-BF4B-00C04F79EFBC}") = "CastingveConver", "CastingveConver\CastingveConver.csproj", "{7F1BF0C2-B4DE-438C-9B6D-855A92A4232C}"
EndProject
Project("{FAE04EC0-301F-11D3-BF4B-00C04F79EFBC}") = "Operators", "Operators\Operators.csproj", "{35692117-29AC-4A75-9C9C-C3B2E209A785}"
EndProject
Global
	GlobalSection(SolutionConfigurationPlatforms) = preSolution
		Debug|Any CPU = Debug|Any CPU
		Release|Any CPU = Release|Any CPU
	EndGlobalSection
	GlobalSection(ProjectConfigurationPlatforms) = postSolution
		{39EB53E4-E352-4B4F-8D39-CFA54947063E}.Debug|Any CPU.ActiveCfg = Debug|Any CPU
		{39EB53E4-E352-4B4F-8D39-CFA54947063E}.Debug|Any CPU.Build.0 = Debug|Any CPU
		{39EB53E4-E352-4B4F-8D39-CFA54947063E}.Release|Any CPU.ActiveCfg = Release|Any CPU
		{39EB53E4-E352-4B4F-8D39-CFA54947063E}.Release|Any CPU.Build.0 = Release|Any CPU
		{707A5442-F412-42E5-8779-E12B4866E9BC}.Debug|Any CPU.ActiveCfg = Debug|Any CPU
		{707A5442-F412-42E5-8779-E12B4866E9BC}.Debug|Any CPU.Build.0 = Debug|Any CPU
		{707A5442-F412-42E5-8779-E12B4866E9BC}.Release|Any CPU.ActiveCfg = Release|Any CPU
		{707A5442-F412-42E5-8779-E12B4866E9BC}.Release|Any CPU.Build.0 = Release|Any CPU
		{7F1BF0C2-B4DE-438C-9B6D-855A92A4232C}.Debug|Any CPU.ActiveCfg = Debug|Any CPU
		{7F1BF0C2-B4DE-438C-9B6D-855A92A4232C}.Debug|Any CPU.Build.0 = Debug|Any CPU
		{7F1BF0C2-B4DE-438C-9B6D-855A92A4232C}.Release|Any CPU.ActiveCfg = Release|Any CPU
		{7F1BF0C2-B4DE-438C-9B6D-855A92A4232C}.Release|Any CPU.Build.0 = Release|Any CPU
		{35692117-29AC-4A75-9C9C-C3B2E209A785}.Debug|Any CPU.ActiveCfg = Debug|Any CPU
		{35692117-29AC-4A75-9C9C-C3B2E209A785}.Debug|Any CPU.Build.0 = Debug|Any CPU
		{35692117-29AC-4A75-9C9C-C3B2E209A785}.Release|Any CPU.ActiveCfg = Release|Any CPU
		{35692117-29AC-4A75-9C9C-C3B2E209A785}.Release|Any CPU.Build.0 = Release|Any CPU
	EndGlobalSection
	GlobalSection(SolutionProperties) = preSolution
		HideSolutionNode = FALSE
	EndGlobalSection
	GlobalSection(ExtensibilityGlobals) = postSolution
		SolutionGuid = {A600559D-84EC-4969-85BD-DF3B25E18B54}
	EndGlobalSection
EndGlobal
